
Microsoft Visual Studio Solution File, Format Version 12.00
# Visual Studio 14
VisualStudioVersion = 14.0.22823.1
MinimumVisualStudioVersion = 10.0.40219.1
Project("{2150E333-8FDC-42A3-9474-1A3956D46DE8}") = "src", "src", "{6C353532-07B1-49D4-860F-36961AF3CF6B}"
EndProject
Project("{2150E333-8FDC-42A3-9474-1A3956D46DE8}") = "test", "test", "{DBF24102-F5E8-42B0-8717-3347E67E7896}"
EndProject
Project("{FAE04EC0-301F-11D3-BF4B-00C04F79EFBC}") = "Nine.SpatialQuery", "src\Nine.SpatialQuery\Nine.SpatialQuery.csproj", "{259DDF31-D086-4C3B-805B-A17F3711FEE7}"
EndProject
Project("{2150E333-8FDC-42A3-9474-1A3956D46DE8}") = "Solution Items", "Solution Items", "{C62E043E-7420-454F-8593-0DC4F8AD5668}"
	ProjectSection(SolutionItems) = preProject
		README.md = README.md
	EndProjectSection
EndProject
Project("{FAE04EC0-301F-11D3-BF4B-00C04F79EFBC}") = "Nine.SpatialQuery.Windows.Test", "test\Nine.SpatialQuery.Windows.Test\Nine.SpatialQuery.Windows.Test.csproj", "{FA8C7C0E-9B7D-42E9-9188-E99C0EE050F2}"
EndProject
Project("{FAE04EC0-301F-11D3-BF4B-00C04F79EFBC}") = "Nine.SpatialQuery.Test", "test\Nine.SpatialQuery.Test\Nine.SpatialQuery.Test.csproj", "{8A944703-8670-4ABA-8530-1ECAD88C7C64}"
EndProject
Global
	GlobalSection(SolutionConfigurationPlatforms) = preSolution
		Debug|Any CPU = Debug|Any CPU
		Debug|ARM = Debug|ARM
		Debug|x64 = Debug|x64
		Debug|x86 = Debug|x86
		Release|Any CPU = Release|Any CPU
		Release|ARM = Release|ARM
		Release|x64 = Release|x64
		Release|x86 = Release|x86
	EndGlobalSection
	GlobalSection(ProjectConfigurationPlatforms) = postSolution
		{259DDF31-D086-4C3B-805B-A17F3711FEE7}.Debug|Any CPU.ActiveCfg = Debug|Any CPU
		{259DDF31-D086-4C3B-805B-A17F3711FEE7}.Debug|Any CPU.Build.0 = Debug|Any CPU
		{259DDF31-D086-4C3B-805B-A17F3711FEE7}.Debug|ARM.ActiveCfg = Debug|Any CPU
		{259DDF31-D086-4C3B-805B-A17F3711FEE7}.Debug|ARM.Build.0 = Debug|Any CPU
		{259DDF31-D086-4C3B-805B-A17F3711FEE7}.Debug|x64.ActiveCfg = Debug|Any CPU
		{259DDF31-D086-4C3B-805B-A17F3711FEE7}.Debug|x64.Build.0 = Debug|Any CPU
		{259DDF31-D086-4C3B-805B-A17F3711FEE7}.Debug|x86.ActiveCfg = Debug|Any CPU
		{259DDF31-D086-4C3B-805B-A17F3711FEE7}.Debug|x86.Build.0 = Debug|Any CPU
		{259DDF31-D086-4C3B-805B-A17F3711FEE7}.Release|Any CPU.ActiveCfg = Release|Any CPU
		{259DDF31-D086-4C3B-805B-A17F3711FEE7}.Release|Any CPU.Build.0 = Release|Any CPU
		{259DDF31-D086-4C3B-805B-A17F3711FEE7}.Release|ARM.ActiveCfg = Release|Any CPU
		{259DDF31-D086-4C3B-805B-A17F3711FEE7}.Release|ARM.Build.0 = Release|Any CPU
		{259DDF31-D086-4C3B-805B-A17F3711FEE7}.Release|x64.ActiveCfg = Release|Any CPU
		{259DDF31-D086-4C3B-805B-A17F3711FEE7}.Release|x64.Build.0 = Release|Any CPU
		{259DDF31-D086-4C3B-805B-A17F3711FEE7}.Release|x86.ActiveCfg = Release|Any CPU
		{259DDF31-D086-4C3B-805B-A17F3711FEE7}.Release|x86.Build.0 = Release|Any CPU
		{FA8C7C0E-9B7D-42E9-9188-E99C0EE050F2}.Debug|Any CPU.ActiveCfg = Debug|Any CPU
		{FA8C7C0E-9B7D-42E9-9188-E99C0EE050F2}.Debug|Any CPU.Build.0 = Debug|Any CPU
		{FA8C7C0E-9B7D-42E9-9188-E99C0EE050F2}.Debug|ARM.ActiveCfg = Debug|Any CPU
		{FA8C7C0E-9B7D-42E9-9188-E99C0EE050F2}.Debug|ARM.Build.0 = Debug|Any CPU
		{FA8C7C0E-9B7D-42E9-9188-E99C0EE050F2}.Debug|x64.ActiveCfg = Debug|Any CPU
		{FA8C7C0E-9B7D-42E9-9188-E99C0EE050F2}.Debug|x64.Build.0 = Debug|Any CPU
		{FA8C7C0E-9B7D-42E9-9188-E99C0EE050F2}.Debug|x86.ActiveCfg = Debug|Any CPU
		{FA8C7C0E-9B7D-42E9-9188-E99C0EE050F2}.Debug|x86.Build.0 = Debug|Any CPU
		{FA8C7C0E-9B7D-42E9-9188-E99C0EE050F2}.Release|Any CPU.ActiveCfg = Release|Any CPU
		{FA8C7C0E-9B7D-42E9-9188-E99C0EE050F2}.Release|Any CPU.Build.0 = Release|Any CPU
		{FA8C7C0E-9B7D-42E9-9188-E99C0EE050F2}.Release|ARM.ActiveCfg = Release|Any CPU
		{FA8C7C0E-9B7D-42E9-9188-E99C0EE050F2}.Release|ARM.Build.0 = Release|Any CPU
		{FA8C7C0E-9B7D-42E9-9188-E99C0EE050F2}.Release|x64.ActiveCfg = Release|Any CPU
		{FA8C7C0E-9B7D-42E9-9188-E99C0EE050F2}.Release|x64.Build.0 = Release|Any CPU
		{FA8C7C0E-9B7D-42E9-9188-E99C0EE050F2}.Release|x86.ActiveCfg = Release|Any CPU
		{FA8C7C0E-9B7D-42E9-9188-E99C0EE050F2}.Release|x86.Build.0 = Release|Any CPU
		{8A944703-8670-4ABA-8530-1ECAD88C7C64}.Debug|Any CPU.ActiveCfg = Debug|Any CPU
		{8A944703-8670-4ABA-8530-1ECAD88C7C64}.Debug|Any CPU.Build.0 = Debug|Any CPU
		{8A944703-8670-4ABA-8530-1ECAD88C7C64}.Debug|ARM.ActiveCfg = Debug|Any CPU
		{8A944703-8670-4ABA-8530-1ECAD88C7C64}.Debug|ARM.Build.0 = Debug|Any CPU
		{8A944703-8670-4ABA-8530-1ECAD88C7C64}.Debug|x64.ActiveCfg = Debug|Any CPU
		{8A944703-8670-4ABA-8530-1ECAD88C7C64}.Debug|x64.Build.0 = Debug|Any CPU
		{8A944703-8670-4ABA-8530-1ECAD88C7C64}.Debug|x86.ActiveCfg = Debug|Any CPU
		{8A944703-8670-4ABA-8530-1ECAD88C7C64}.Debug|x86.Build.0 = Debug|Any CPU
		{8A944703-8670-4ABA-8530-1ECAD88C7C64}.Release|Any CPU.ActiveCfg = Release|Any CPU
		{8A944703-8670-4ABA-8530-1ECAD88C7C64}.Release|Any CPU.Build.0 = Release|Any CPU
		{8A944703-8670-4ABA-8530-1ECAD88C7C64}.Release|ARM.ActiveCfg = Release|Any CPU
		{8A944703-8670-4ABA-8530-1ECAD88C7C64}.Release|ARM.Build.0 = Release|Any CPU
		{8A944703-8670-4ABA-8530-1ECAD88C7C64}.Release|x64.ActiveCfg = Release|Any CPU
		{8A944703-8670-4ABA-8530-1ECAD88C7C64}.Release|x64.Build.0 = Release|Any CPU
		{8A944703-8670-4ABA-8530-1ECAD88C7C64}.Release|x86.ActiveCfg = Release|Any CPU
		{8A944703-8670-4ABA-8530-1ECAD88C7C64}.Release|x86.Build.0 = Release|Any CPU
	EndGlobalSection
	GlobalSection(SolutionProperties) = preSolution
		HideSolutionNode = FALSE
	EndGlobalSection
	GlobalSection(NestedProjects) = preSolution
		{259DDF31-D086-4C3B-805B-A17F3711FEE7} = {6C353532-07B1-49D4-860F-36961AF3CF6B}
		{FA8C7C0E-9B7D-42E9-9188-E99C0EE050F2} = {DBF24102-F5E8-42B0-8717-3347E67E7896}
		{8A944703-8670-4ABA-8530-1ECAD88C7C64} = {DBF24102-F5E8-42B0-8717-3347E67E7896}
	EndGlobalSection
EndGlobal
