
Microsoft Visual Studio Solution File, Format Version 12.00
# Visual Studio 15
VisualStudioVersion = 15.0.26206.0
MinimumVisualStudioVersion = 10.0.40219.1
Project("{2150E333-8FDC-42A3-9474-1A3956D46DE8}") = "src", "src", "{C5B0A994-3C97-463D-960C-5D1E5FF78FB6}"
EndProject
Project("{2150E333-8FDC-42A3-9474-1A3956D46DE8}") = "test", "test", "{57034D93-482B-4783-A5DF-9D3220DEB4D2}"
EndProject
Project("{9A19103F-16F7-4668-BE54-9A1E7A4F7556}") = "Nine.Geometry.Test", "test\Nine.Geometry.Test\Nine.Geometry.Test.csproj", "{E301CD89-80DA-4755-B7FA-F36012E00667}"
EndProject
Project("{9A19103F-16F7-4668-BE54-9A1E7A4F7556}") = "Nine.Geometry", "src\Nine.Geometry\Nine.Geometry.csproj", "{22746994-1FCF-4985-84CC-158396FBE105}"
EndProject
Global
	GlobalSection(SolutionConfigurationPlatforms) = preSolution
		Debug|Any CPU = Debug|Any CPU
		Debug|ARM = Debug|ARM
		Debug|x64 = Debug|x64
		Debug|x86 = Debug|x86
		Release|Any CPU = Release|Any CPU
		Release|ARM = Release|ARM
		Release|x64 = Release|x64
		Release|x86 = Release|x86
	EndGlobalSection
	GlobalSection(ProjectConfigurationPlatforms) = postSolution
		{E301CD89-80DA-4755-B7FA-F36012E00667}.Debug|Any CPU.ActiveCfg = Debug|Any CPU
		{E301CD89-80DA-4755-B7FA-F36012E00667}.Debug|Any CPU.Build.0 = Debug|Any CPU
		{E301CD89-80DA-4755-B7FA-F36012E00667}.Debug|ARM.ActiveCfg = Debug|Any CPU
		{E301CD89-80DA-4755-B7FA-F36012E00667}.Debug|ARM.Build.0 = Debug|Any CPU
		{E301CD89-80DA-4755-B7FA-F36012E00667}.Debug|x64.ActiveCfg = Debug|Any CPU
		{E301CD89-80DA-4755-B7FA-F36012E00667}.Debug|x64.Build.0 = Debug|Any CPU
		{E301CD89-80DA-4755-B7FA-F36012E00667}.Debug|x86.ActiveCfg = Debug|Any CPU
		{E301CD89-80DA-4755-B7FA-F36012E00667}.Debug|x86.Build.0 = Debug|Any CPU
		{E301CD89-80DA-4755-B7FA-F36012E00667}.Release|Any CPU.ActiveCfg = Release|Any CPU
		{E301CD89-80DA-4755-B7FA-F36012E00667}.Release|Any CPU.Build.0 = Release|Any CPU
		{E301CD89-80DA-4755-B7FA-F36012E00667}.Release|ARM.ActiveCfg = Release|Any CPU
		{E301CD89-80DA-4755-B7FA-F36012E00667}.Release|ARM.Build.0 = Release|Any CPU
		{E301CD89-80DA-4755-B7FA-F36012E00667}.Release|x64.ActiveCfg = Release|Any CPU
		{E301CD89-80DA-4755-B7FA-F36012E00667}.Release|x64.Build.0 = Release|Any CPU
		{E301CD89-80DA-4755-B7FA-F36012E00667}.Release|x86.ActiveCfg = Release|Any CPU
		{E301CD89-80DA-4755-B7FA-F36012E00667}.Release|x86.Build.0 = Release|Any CPU
		{22746994-1FCF-4985-84CC-158396FBE105}.Debug|Any CPU.ActiveCfg = Debug|Any CPU
		{22746994-1FCF-4985-84CC-158396FBE105}.Debug|Any CPU.Build.0 = Debug|Any CPU
		{22746994-1FCF-4985-84CC-158396FBE105}.Debug|ARM.ActiveCfg = Debug|Any CPU
		{22746994-1FCF-4985-84CC-158396FBE105}.Debug|ARM.Build.0 = Debug|Any CPU
		{22746994-1FCF-4985-84CC-158396FBE105}.Debug|x64.ActiveCfg = Debug|x64
		{22746994-1FCF-4985-84CC-158396FBE105}.Debug|x64.Build.0 = Debug|x64
		{22746994-1FCF-4985-84CC-158396FBE105}.Debug|x86.ActiveCfg = Debug|x86
		{22746994-1FCF-4985-84CC-158396FBE105}.Debug|x86.Build.0 = Debug|x86
		{22746994-1FCF-4985-84CC-158396FBE105}.Release|Any CPU.ActiveCfg = Release|Any CPU
		{22746994-1FCF-4985-84CC-158396FBE105}.Release|Any CPU.Build.0 = Release|Any CPU
		{22746994-1FCF-4985-84CC-158396FBE105}.Release|ARM.ActiveCfg = Release|Any CPU
		{22746994-1FCF-4985-84CC-158396FBE105}.Release|ARM.Build.0 = Release|Any CPU
		{22746994-1FCF-4985-84CC-158396FBE105}.Release|x64.ActiveCfg = Release|x64
		{22746994-1FCF-4985-84CC-158396FBE105}.Release|x64.Build.0 = Release|x64
		{22746994-1FCF-4985-84CC-158396FBE105}.Release|x86.ActiveCfg = Release|x86
		{22746994-1FCF-4985-84CC-158396FBE105}.Release|x86.Build.0 = Release|x86
	EndGlobalSection
	GlobalSection(SolutionProperties) = preSolution
		HideSolutionNode = FALSE
	EndGlobalSection
	GlobalSection(NestedProjects) = preSolution
		{E301CD89-80DA-4755-B7FA-F36012E00667} = {57034D93-482B-4783-A5DF-9D3220DEB4D2}
		{22746994-1FCF-4985-84CC-158396FBE105} = {C5B0A994-3C97-463D-960C-5D1E5FF78FB6}
	EndGlobalSection
EndGlobal
